
Microsoft Visual Studio Solution File, Format Version 12.00
# Visual Studio Version 17
VisualStudioVersion = 17.5.002.0
MinimumVisualStudioVersion = 10.0.40219.1
Project("{9A19103F-16F7-4668-BE54-9A1E7A4F7556}") = "ControlWork1", "ControlWork1.csproj", "{8D62B715-47C4-4F23-BC9A-5C91D0102FBC}"
EndProject
Global
	GlobalSection(SolutionConfigurationPlatforms) = preSolution
		Debug|Any CPU = Debug|Any CPU
		Release|Any CPU = Release|Any CPU
	EndGlobalSection
	GlobalSection(ProjectConfigurationPlatforms) = postSolution
		{8D62B715-47C4-4F23-BC9A-5C91D0102FBC}.Debug|Any CPU.ActiveCfg = Debug|Any CPU
		{8D62B715-47C4-4F23-BC9A-5C91D0102FBC}.Debug|Any CPU.Build.0 = Debug|Any CPU
		{8D62B715-47C4-4F23-BC9A-5C91D0102FBC}.Release|Any CPU.ActiveCfg = Release|Any CPU
		{8D62B715-47C4-4F23-BC9A-5C91D0102FBC}.Release|Any CPU.Build.0 = Release|Any CPU
	EndGlobalSection
	GlobalSection(SolutionProperties) = preSolution
		HideSolutionNode = FALSE
	EndGlobalSection
	GlobalSection(ExtensibilityGlobals) = postSolution
		SolutionGuid = {907543EF-1FB7-43EF-AFED-0B04C5E5277C}
	EndGlobalSection
EndGlobal
